
Microsoft Visual Studio Solution File, Format Version 12.00
# Visual Studio Version 16
VisualStudioVersion = 16.0.810.22
MinimumVisualStudioVersion = 10.0.40219.1
Project("{FAE04EC0-301F-11D3-BF4B-00C04F79EFBC}") = "JustADude", "JustADude\JustADude.csproj", "{5D47320A-1096-41DE-9613-A4A72CD1D925}"
EndProject
Project("{FAE04EC0-301F-11D3-BF4B-00C04F79EFBC}") = "DAL", "DAL\DAL.csproj", "{2E967F02-E3F9-4829-A564-3EB2AA73735F}"
EndProject
Project("{FAE04EC0-301F-11D3-BF4B-00C04F79EFBC}") = "BL", "BL\BL.csproj", "{8EB34919-E8D7-4B3C-B2FC-54890E3C867D}"
EndProject
Global
	GlobalSection(SolutionConfigurationPlatforms) = preSolution
		Debug|Any CPU = Debug|Any CPU
		Release|Any CPU = Release|Any CPU
	EndGlobalSection
	GlobalSection(ProjectConfigurationPlatforms) = postSolution
		{5D47320A-1096-41DE-9613-A4A72CD1D925}.Debug|Any CPU.ActiveCfg = Debug|Any CPU
		{5D47320A-1096-41DE-9613-A4A72CD1D925}.Debug|Any CPU.Build.0 = Debug|Any CPU
		{5D47320A-1096-41DE-9613-A4A72CD1D925}.Release|Any CPU.ActiveCfg = Release|Any CPU
		{5D47320A-1096-41DE-9613-A4A72CD1D925}.Release|Any CPU.Build.0 = Release|Any CPU
		{2E967F02-E3F9-4829-A564-3EB2AA73735F}.Debug|Any CPU.ActiveCfg = Debug|Any CPU
		{2E967F02-E3F9-4829-A564-3EB2AA73735F}.Debug|Any CPU.Build.0 = Debug|Any CPU
		{2E967F02-E3F9-4829-A564-3EB2AA73735F}.Release|Any CPU.ActiveCfg = Release|Any CPU
		{2E967F02-E3F9-4829-A564-3EB2AA73735F}.Release|Any CPU.Build.0 = Release|Any CPU
		{8EB34919-E8D7-4B3C-B2FC-54890E3C867D}.Debug|Any CPU.ActiveCfg = Debug|Any CPU
		{8EB34919-E8D7-4B3C-B2FC-54890E3C867D}.Debug|Any CPU.Build.0 = Debug|Any CPU
		{8EB34919-E8D7-4B3C-B2FC-54890E3C867D}.Release|Any CPU.ActiveCfg = Release|Any CPU
		{8EB34919-E8D7-4B3C-B2FC-54890E3C867D}.Release|Any CPU.Build.0 = Release|Any CPU
	EndGlobalSection
	GlobalSection(SolutionProperties) = preSolution
		HideSolutionNode = FALSE
	EndGlobalSection
	GlobalSection(ExtensibilityGlobals) = postSolution
		SolutionGuid = {BC2D625C-8519-4A24-823D-709C38F34822}
	EndGlobalSection
EndGlobal
